// !$*UTF8*$!
{
	archiveVersion = 1;
	classes = {
	};
	objectVersion = 50;
	objects = {

/* Begin PBXBuildFile section */
		B9D0B6AB24EFA26D00EDAD5F /* AppDelegate.swift in Sources */ = {isa = PBXBuildFile; fileRef = B9D0B6AA24EFA26D00EDAD5F /* AppDelegate.swift */; };
		B9D0B6AD24EFA26D00EDAD5F /* SceneDelegate.swift in Sources */ = {isa = PBXBuildFile; fileRef = B9D0B6AC24EFA26D00EDAD5F /* SceneDelegate.swift */; };
		B9D0B6AF24EFA26D00EDAD5F /* ContentView.swift in Sources */ = {isa = PBXBuildFile; fileRef = B9D0B6AE24EFA26D00EDAD5F /* ContentView.swift */; };
		B9D0B6B124EFA27200EDAD5F /* Assets.xcassets in Resources */ = {isa = PBXBuildFile; fileRef = B9D0B6B024EFA27200EDAD5F /* Assets.xcassets */; };
		B9D0B6B424EFA27200EDAD5F /* Preview Assets.xcassets in Resources */ = {isa = PBXBuildFile; fileRef = B9D0B6B324EFA27200EDAD5F /* Preview Assets.xcassets */; };
		B9D0B6B724EFA27200EDAD5F /* LaunchScreen.storyboard in Resources */ = {isa = PBXBuildFile; fileRef = B9D0B6B524EFA27200EDAD5F /* LaunchScreen.storyboard */; };
/* End PBXBuildFile section */

/* Begin PBXFileReference section */
		B9D0B6A724EFA26D00EDAD5F /* QuestionAnswer.app */ = {isa = PBXFileReference; explicitFileType = wrapper.application; includeInIndex = 0; path = QuestionAnswer.app; sourceTree = BUILT_PRODUCTS_DIR; };
		B9D0B6AA24EFA26D00EDAD5F /* AppDelegate.swift */ = {isa = PBXFileReference; lastKnownFileType = sourcecode.swift; path = AppDelegate.swift; sourceTree = "<group>"; };
		B9D0B6AC24EFA26D00EDAD5F /* SceneDelegate.swift */ = {isa = PBXFileReference; lastKnownFileType = sourcecode.swift; path = SceneDelegate.swift; sourceTree = "<group>"; };
		B9D0B6AE24EFA26D00EDAD5F /* ContentView.swift */ = {isa = PBXFileReference; lastKnownFileType = sourcecode.swift; path = ContentView.swift; sourceTree = "<group>"; };
		B9D0B6B024EFA27200EDAD5F /* Assets.xcassets */ = {isa = PBXFileReference; lastKnownFileType = folder.assetcatalog; path = Assets.xcassets; sourceTree = "<group>"; };
		B9D0B6B324EFA27200EDAD5F /* Preview Assets.xcassets */ = {isa = PBXFileReference; lastKnownFileType = folder.assetcatalog; path = "Preview Assets.xcassets"; sourceTree = "<group>"; };
		B9D0B6B624EFA27200EDAD5F /* Base */ = {isa = PBXFileReference; lastKnownFileType = file.storyboard; name = Base; path = Base.lproj/LaunchScreen.storyboard; sourceTree = "<group>"; };
		B9D0B6B824EFA27200EDAD5F /* Info.plist */ = {isa = PBXFileReference; lastKnownFileType = text.plist.xml; path = Info.plist; sourceTree = "<group>"; };
/* End PBXFileReference section */

/* Begin PBXFrameworksBuildPhase section */
		B9D0B6A424EFA26D00EDAD5F /* Frameworks */ = {
			isa = PBXFrameworksBuildPhase;
			buildActionMask = 2147483647;
			files = (
			);
			runOnlyForDeploymentPostprocessing = 0;
		};
/* End PBXFrameworksBuildPhase section */

/* Begin PBXGroup section */
		B9D0B69E24EFA26D00EDAD5F = {
			isa = PBXGroup;
			children = (
				B9D0B6A924EFA26D00EDAD5F /* QuestionAnswer */,
				B9D0B6A824EFA26D00EDAD5F /* Products */,
			);
			sourceTree = "<group>";
		};
		B9D0B6A824EFA26D00EDAD5F /* Products */ = {
			isa = PBXGroup;
			children = (
				B9D0B6A724EFA26D00EDAD5F /* QuestionAnswer.app */,
			);
			name = Products;
			sourceTree = "<group>";
		};
		B9D0B6A924EFA26D00EDAD5F /* QuestionAnswer */ = {
			isa = PBXGroup;
			children = (
				B9D0B6AA24EFA26D00EDAD5F /* AppDelegate.swift */,
				B9D0B6AC24EFA26D00EDAD5F /* SceneDelegate.swift */,
				B9D0B6AE24EFA26D00EDAD5F /* ContentView.swift */,
				B9D0B6B024EFA27200EDAD5F /* Assets.xcassets */,
				B9D0B6B524EFA27200EDAD5F /* LaunchScreen.storyboard */,
				B9D0B6B824EFA27200EDAD5F /* Info.plist */,
				B9D0B6B224EFA27200EDAD5F /* Preview Content */,
			);
			path = QuestionAnswer;
			sourceTree = "<group>";
		};
		B9D0B6B224EFA27200EDAD5F /* Preview Content */ = {
			isa = PBXGroup;
			children = (
				B9D0B6B324EFA27200EDAD5F /* Preview Assets.xcassets */,
			);
			path = "Preview Content";
			sourceTree = "<group>";
		};
/* End PBXGroup section */

/* Begin PBXNativeTarget section */
		B9D0B6A624EFA26D00EDAD5F /* QuestionAnswer */ = {
			isa = PBXNativeTarget;
			buildConfigurationList = B9D0B6BB24EFA27200EDAD5F /* Build configuration list for PBXNativeTarget "QuestionAnswer" */;
			buildPhases = (
				B9D0B6A324EFA26D00EDAD5F /* Sources */,
				B9D0B6A424EFA26D00EDAD5F /* Frameworks */,
				B9D0B6A524EFA26D00EDAD5F /* Resources */,
			);
			buildRules = (
			);
			dependencies = (
			);
			name = QuestionAnswer;
			productName = QuestionAnswer;
			productReference = B9D0B6A724EFA26D00EDAD5F /* QuestionAnswer.app */;
			productType = "com.apple.product-type.application";
		};
/* End PBXNativeTarget section */

/* Begin PBXProject section */
		B9D0B69F24EFA26D00EDAD5F /* Project object */ = {
			isa = PBXProject;
			attributes = {
				LastSwiftUpdateCheck = 1200;
				LastUpgradeCheck = 1200;
				TargetAttributes = {
					B9D0B6A624EFA26D00EDAD5F = {
						CreatedOnToolsVersion = 12.0;
					};
				};
			};
			buildConfigurationList = B9D0B6A224EFA26D00EDAD5F /* Build configuration list for PBXProject "QuestionAnswer" */;
			compatibilityVersion = "Xcode 9.3";
			developmentRegion = en;
			hasScannedForEncodings = 0;
			knownRegions = (
				en,
				Base,
			);
			mainGroup = B9D0B69E24EFA26D00EDAD5F;
			productRefGroup = B9D0B6A824EFA26D00EDAD5F /* Products */;
			projectDirPath = "";
			projectRoot = "";
			targets = (
				B9D0B6A624EFA26D00EDAD5F /* QuestionAnswer */,
			);
		};
/* End PBXProject section */

/* Begin PBXResourcesBuildPhase section */
		B9D0B6A524EFA26D00EDAD5F /* Resources */ = {
			isa = PBXResourcesBuildPhase;
			buildActionMask = 2147483647;
			files = (
				B9D0B6B724EFA27200EDAD5F /* LaunchScreen.storyboard in Resources */,
				B9D0B6B424EFA27200EDAD5F /* Preview Assets.xcassets in Resources */,
				B9D0B6B124EFA27200EDAD5F /* Assets.xcassets in Resources */,
			);
			runOnlyForDeploymentPostprocessing = 0;
		};
/* End PBXResourcesBuildPhase section */

/* Begin PBXSourcesBuildPhase section */
		B9D0B6A324EFA26D00EDAD5F /* Sources */ = {
			isa = PBXSourcesBuildPhase;
			buildActionMask = 2147483647;
			files = (
				B9D0B6AB24EFA26D00EDAD5F /* AppDelegate.swift in Sources */,
				B9D0B6AD24EFA26D00EDAD5F /* SceneDelegate.swift in Sources */,
				B9D0B6AF24EFA26D00EDAD5F /* ContentView.swift in Sources */,
			);
			runOnlyForDeploymentPostprocessing = 0;
		};
/* End PBXSourcesBuildPhase section */

/* Begin PBXVariantGroup section */
		B9D0B6B524EFA27200EDAD5F /* LaunchScreen.storyboard */ = {
			isa = PBXVariantGroup;
			children = (
				B9D0B6B624EFA27200EDAD5F /* Base */,
			);
			name = LaunchScreen.storyboard;
			sourceTree = "<group>";
		};
/* End PBXVariantGroup section */

/* Begin XCBuildConfiguration section */
		B9D0B6B924EFA27200EDAD5F /* Debug */ = {
			isa = XCBuildConfiguration;
			buildSettings = {
				ALWAYS_SEARCH_USER_PATHS = NO;
				CLANG_ANALYZER_NONNULL = YES;
				CLANG_ANALYZER_NUMBER_OBJECT_CONVERSION = YES_AGGRESSIVE;
				CLANG_CXX_LANGUAGE_STANDARD = "gnu++14";
				CLANG_CXX_LIBRARY = "libc++";
				CLANG_ENABLE_MODULES = YES;
				CLANG_ENABLE_OBJC_ARC = YES;
				CLANG_ENABLE_OBJC_WEAK = YES;
				CLANG_WARN_BLOCK_CAPTURE_AUTORELEASING = YES;
				CLANG_WARN_BOOL_CONVERSION = YES;
				CLANG_WARN_COMMA = YES;
				CLANG_WARN_CONSTANT_CONVERSION = YES;
				CLANG_WARN_DEPRECATED_OBJC_IMPLEMENTATIONS = YES;
				CLANG_WARN_DIRECT_OBJC_ISA_USAGE = YES_ERROR;
				CLANG_WARN_DOCUMENTATION_COMMENTS = YES;
				CLANG_WARN_EMPTY_BODY = YES;
				CLANG_WARN_ENUM_CONVERSION = YES;
				CLANG_WARN_INFINITE_RECURSION = YES;
				CLANG_WARN_INT_CONVERSION = YES;
				CLANG_WARN_NON_LITERAL_NULL_CONVERSION = YES;
				CLANG_WARN_OBJC_IMPLICIT_RETAIN_SELF = YES;
				CLANG_WARN_OBJC_LITERAL_CONVERSION = YES;
				CLANG_WARN_OBJC_ROOT_CLASS = YES_ERROR;
				CLANG_WARN_QUOTED_INCLUDE_IN_FRAMEWORK_HEADER = YES;
				CLANG_WARN_RANGE_LOOP_ANALYSIS = YES;
				CLANG_WARN_STRICT_PROTOTYPES = YES;
				CLANG_WARN_SUSPICIOUS_MOVE = YES;
				CLANG_WARN_UNGUARDED_AVAILABILITY = YES_AGGRESSIVE;
				CLANG_WARN_UNREACHABLE_CODE = YES;
				CLANG_WARN__DUPLICATE_METHOD_MATCH = YES;
				COPY_PHASE_STRIP = NO;
				DEBUG_INFORMATION_FORMAT = dwarf;
				ENABLE_STRICT_OBJC_MSGSEND = YES;
				ENABLE_TESTABILITY = YES;
				GCC_C_LANGUAGE_STANDARD = gnu11;
				GCC_DYNAMIC_NO_PIC = NO;
				GCC_NO_COMMON_BLOCKS = YES;
				GCC_OPTIMIZATION_LEVEL = 0;
				GCC_PREPROCESSOR_DEFINITIONS = (
					"DEBUG=1",
					"$(inherited)",
				);
				GCC_WARN_64_TO_32_BIT_CONVERSION = YES;
				GCC_WARN_ABOUT_RETURN_TYPE = YES_ERROR;
				GCC_WARN_UNDECLARED_SELECTOR = YES;
				GCC_WARN_UNINITIALIZED_AUTOS = YES_AGGRESSIVE;
				GCC_WARN_UNUSED_FUNCTION = YES;
				GCC_WARN_UNUSED_VARIABLE = YES;
				IPHONEOS_DEPLOYMENT_TARGET = 14.0;
				MTL_ENABLE_DEBUG_INFO = INCLUDE_SOURCE;
				MTL_FAST_MATH = YES;
				ONLY_ACTIVE_ARCH = YES;
				SDKROOT = iphoneos;
				SWIFT_ACTIVE_COMPILATION_CONDITIONS = DEBUG;
				SWIFT_OPTIMIZATION_LEVEL = "-Onone";
			};
			name = Debug;
		};
		B9D0B6BA24EFA27200EDAD5F /* Release */ = {
			isa = XCBuildConfiguration;
			buildSettings = {
				ALWAYS_SEARCH_USER_PATHS = NO;
				CLANG_ANALYZER_NONNULL = YES;
				CLANG_ANALYZER_NUMBER_OBJECT_CONVERSION = YES_AGGRESSIVE;
				CLANG_CXX_LANGUAGE_STANDARD = "gnu++14";
				CLANG_CXX_LIBRARY = "libc++";
				CLANG_ENABLE_MODULES = YES;
				CLANG_ENABLE_OBJC_ARC = YES;
				CLANG_ENABLE_OBJC_WEAK = YES;
				CLANG_WARN_BLOCK_CAPTURE_AUTORELEASING = YES;
				CLANG_WARN_BOOL_CONVERSION = YES;
				CLANG_WARN_COMMA = YES;
				CLANG_WARN_CONSTANT_CONVERSION = YES;
				CLANG_WARN_DEPRECATED_OBJC_IMPLEMENTATIONS = YES;
				CLANG_WARN_DIRECT_OBJC_ISA_USAGE = YES_ERROR;
				CLANG_WARN_DOCUMENTATION_COMMENTS = YES;
				CLANG_WARN_EMPTY_BODY = YES;
				CLANG_WARN_ENUM_CONVERSION = YES;
				CLANG_WARN_INFINITE_RECURSION = YES;
				CLANG_WARN_INT_CONVERSION = YES;
				CLANG_WARN_NON_LITERAL_NULL_CONVERSION = YES;
				CLANG_WARN_OBJC_IMPLICIT_RETAIN_SELF = YES;
				CLANG_WARN_OBJC_LITERAL_CONVERSION = YES;
				CLANG_WARN_OBJC_ROOT_CLASS = YES_ERROR;
				CLANG_WARN_QUOTED_INCLUDE_IN_FRAMEWORK_HEADER = YES;
				CLANG_WARN_RANGE_LOOP_ANALYSIS = YES;
				CLANG_WARN_STRICT_PROTOTYPES = YES;
				CLANG_WARN_SUSPICIOUS_MOVE = YES;
				CLANG_WARN_UNGUARDED_AVAILABILITY = YES_AGGRESSIVE;
				CLANG_WARN_UNREACHABLE_CODE = YES;
				CLANG_WARN__DUPLICATE_METHOD_MATCH = YES;
				COPY_PHASE_STRIP = NO;
				DEBUG_INFORMATION_FORMAT = "dwarf-with-dsym";
				ENABLE_NS_ASSERTIONS = NO;
				ENABLE_STRICT_OBJC_MSGSEND = YES;
				GCC_C_LANGUAGE_STANDARD = gnu11;
				GCC_NO_COMMON_BLOCKS = YES;
				GCC_WARN_64_TO_32_BIT_CONVERSION = YES;
				GCC_WARN_ABOUT_RETURN_TYPE = YES_ERROR;
				GCC_WARN_UNDECLARED_SELECTOR = YES;
				GCC_WARN_UNINITIALIZED_AUTOS = YES_AGGRESSIVE;
				GCC_WARN_UNUSED_FUNCTION = YES;
				GCC_WARN_UNUSED_VARIABLE = YES;
				IPHONEOS_DEPLOYMENT_TARGET = 14.0;
				MTL_ENABLE_DEBUG_INFO = NO;
				MTL_FAST_MATH = YES;
				SDKROOT = iphoneos;
				SWIFT_COMPILATION_MODE = wholemodule;
				SWIFT_OPTIMIZATION_LEVEL = "-O";
				VALIDATE_PRODUCT = YES;
			};
			name = Release;
		};
		B9D0B6BC24EFA27200EDAD5F /* Debug */ = {
			isa = XCBuildConfiguration;
			buildSettings = {
				ASSETCATALOG_COMPILER_APPICON_NAME = AppIcon;
				ASSETCATALOG_COMPILER_GLOBAL_ACCENT_COLOR_NAME = AccentColor;
				CODE_SIGN_STYLE = Automatic;
				DEVELOPMENT_ASSET_PATHS = "\"QuestionAnswer/Preview Content\"";
				DEVELOPMENT_TEAM = L6T2S9K4GS;
				ENABLE_PREVIEWS = YES;
				INFOPLIST_FILE = QuestionAnswer/Info.plist;
				LD_RUNPATH_SEARCH_PATHS = (
					"$(inherited)",
					"@executable_path/Frameworks",
				);
				PRODUCT_BUNDLE_IDENTIFIER = me.Bily.Vyacheslav.QuestionAnswer;
				PRODUCT_NAME = "$(TARGET_NAME)";
				SWIFT_VERSION = 5.0;
				TARGETED_DEVICE_FAMILY = "1,2";
			};
			name = Debug;
		};
		B9D0B6BD24EFA27200EDAD5F /* Release */ = {
			isa = XCBuildConfiguration;
			buildSettings = {
				ASSETCATALOG_COMPILER_APPICON_NAME = AppIcon;
				ASSETCATALOG_COMPILER_GLOBAL_ACCENT_COLOR_NAME = AccentColor;
				CODE_SIGN_STYLE = Automatic;
				DEVELOPMENT_ASSET_PATHS = "\"QuestionAnswer/Preview Content\"";
				DEVELOPMENT_TEAM = L6T2S9K4GS;
				ENABLE_PREVIEWS = YES;
				INFOPLIST_FILE = QuestionAnswer/Info.plist;
				LD_RUNPATH_SEARCH_PATHS = (
					"$(inherited)",
					"@executable_path/Frameworks",
				);
				PRODUCT_BUNDLE_IDENTIFIER = me.Bily.Vyacheslav.QuestionAnswer;
				PRODUCT_NAME = "$(TARGET_NAME)";
				SWIFT_VERSION = 5.0;
				TARGETED_DEVICE_FAMILY = "1,2";
			};
			name = Release;
		};
/* End XCBuildConfiguration section */

/* Begin XCConfigurationList section */
		B9D0B6A224EFA26D00EDAD5F /* Build configuration list for PBXProject "QuestionAnswer" */ = {
			isa = XCConfigurationList;
			buildConfigurations = (
				B9D0B6B924EFA27200EDAD5F /* Debug */,
				B9D0B6BA24EFA27200EDAD5F /* Release */,
			);
			defaultConfigurationIsVisible = 0;
			defaultConfigurationName = Release;
		};
		B9D0B6BB24EFA27200EDAD5F /* Build configuration list for PBXNativeTarget "QuestionAnswer" */ = {
			isa = XCConfigurationList;
			buildConfigurations = (
				B9D0B6BC24EFA27200EDAD5F /* Debug */,
				B9D0B6BD24EFA27200EDAD5F /* Release */,
			);
			defaultConfigurationIsVisible = 0;
			defaultConfigurationName = Release;
		};
/* End XCConfigurationList section */
	};
	rootObject = B9D0B69F24EFA26D00EDAD5F /* Project object */;
}
